
Microsoft Visual Studio Solution File, Format Version 12.00
# Visual Studio 15
VisualStudioVersion = 15.0.27703.1
MinimumVisualStudioVersion = 10.0.40219.1
Project("{FAE04EC0-301F-11D3-BF4B-00C04F79EFBC}") = "PriceList", "PriceList\PriceList.csproj", "{5F839748-A82E-4455-82FC-5C0BB16B2B99}"
EndProject
Project("{FAE04EC0-301F-11D3-BF4B-00C04F79EFBC}") = "DataBaseLibrary", "DataBaseLibrary\DataBaseLibrary.csproj", "{B4DB1AAA-1F1D-4099-9B4D-86E0B695C683}"
EndProject
Project("{FAE04EC0-301F-11D3-BF4B-00C04F79EFBC}") = "ImportLibrary", "ImportLibrary\ImportLibrary.csproj", "{6186375F-7054-48C5-8D39-748B1D5C5DAF}"
EndProject
Project("{FAE04EC0-301F-11D3-BF4B-00C04F79EFBC}") = "ConsoleForm", "ConsoleForm\ConsoleForm.csproj", "{CF055F67-3418-4A61-87F6-1456AD0DB498}"
EndProject
Project("{FAE04EC0-301F-11D3-BF4B-00C04F79EFBC}") = "WindowsForm", "WindowsForm\WindowsForm.csproj", "{5A2249C1-7F02-461D-9EDD-F84486FAE863}"
EndProject
Global
	GlobalSection(SolutionConfigurationPlatforms) = preSolution
		Debug|Any CPU = Debug|Any CPU
		Release|Any CPU = Release|Any CPU
	EndGlobalSection
	GlobalSection(ProjectConfigurationPlatforms) = postSolution
		{5F839748-A82E-4455-82FC-5C0BB16B2B99}.Debug|Any CPU.ActiveCfg = Debug|Any CPU
		{5F839748-A82E-4455-82FC-5C0BB16B2B99}.Debug|Any CPU.Build.0 = Debug|Any CPU
		{5F839748-A82E-4455-82FC-5C0BB16B2B99}.Release|Any CPU.ActiveCfg = Release|Any CPU
		{5F839748-A82E-4455-82FC-5C0BB16B2B99}.Release|Any CPU.Build.0 = Release|Any CPU
		{B4DB1AAA-1F1D-4099-9B4D-86E0B695C683}.Debug|Any CPU.ActiveCfg = Debug|Any CPU
		{B4DB1AAA-1F1D-4099-9B4D-86E0B695C683}.Debug|Any CPU.Build.0 = Debug|Any CPU
		{B4DB1AAA-1F1D-4099-9B4D-86E0B695C683}.Release|Any CPU.ActiveCfg = Release|Any CPU
		{B4DB1AAA-1F1D-4099-9B4D-86E0B695C683}.Release|Any CPU.Build.0 = Release|Any CPU
		{6186375F-7054-48C5-8D39-748B1D5C5DAF}.Debug|Any CPU.ActiveCfg = Debug|Any CPU
		{6186375F-7054-48C5-8D39-748B1D5C5DAF}.Debug|Any CPU.Build.0 = Debug|Any CPU
		{6186375F-7054-48C5-8D39-748B1D5C5DAF}.Release|Any CPU.ActiveCfg = Release|Any CPU
		{6186375F-7054-48C5-8D39-748B1D5C5DAF}.Release|Any CPU.Build.0 = Release|Any CPU
		{CF055F67-3418-4A61-87F6-1456AD0DB498}.Debug|Any CPU.ActiveCfg = Debug|Any CPU
		{CF055F67-3418-4A61-87F6-1456AD0DB498}.Debug|Any CPU.Build.0 = Debug|Any CPU
		{CF055F67-3418-4A61-87F6-1456AD0DB498}.Release|Any CPU.ActiveCfg = Release|Any CPU
		{CF055F67-3418-4A61-87F6-1456AD0DB498}.Release|Any CPU.Build.0 = Release|Any CPU
		{5A2249C1-7F02-461D-9EDD-F84486FAE863}.Debug|Any CPU.ActiveCfg = Debug|Any CPU
		{5A2249C1-7F02-461D-9EDD-F84486FAE863}.Debug|Any CPU.Build.0 = Debug|Any CPU
		{5A2249C1-7F02-461D-9EDD-F84486FAE863}.Release|Any CPU.ActiveCfg = Release|Any CPU
		{5A2249C1-7F02-461D-9EDD-F84486FAE863}.Release|Any CPU.Build.0 = Release|Any CPU
	EndGlobalSection
	GlobalSection(SolutionProperties) = preSolution
		HideSolutionNode = FALSE
	EndGlobalSection
	GlobalSection(ExtensibilityGlobals) = postSolution
		SolutionGuid = {F107D3B6-D653-4D27-982C-65A5E784D16F}
	EndGlobalSection
EndGlobal
